{
  "originHash" : "df32142ac53bceac7d6a27dc0bc0ee42530cabdde75c1fb9a0573c694b660a2b",
  "pins" : [
    {
      "identity" : "aetherengine",
      "kind" : "remoteSourceControl",
      "location" : "https://github.com/superuser404notfound/AetherEngine",
      "state" : {
        "revision" : "8ebe9a433766592a398836e17880566e6e937b46",
        "version" : "5.5.0"
      }
    },
    {
      "identity" : "ffmpegbuild",
      "kind" : "remoteSourceControl",
      "location" : "https://github.com/superuser404notfound/FFmpegBuild",
      "state" : {
        "revision" : "67f7f7bd34d8b8a40acba6e37544092c7b8a47a8",
        "version" : "2.0.0"
      }
    },
    {
      "identity" : "libdovi",
      "kind" : "remoteSourceControl",
      "location" : "https://github.com/superuser404notfound/LibDovi",
      "state" : {
        "revision" : "bebab0af0e3633b0002fcc7106ea6fc7ceea8277",
        "version" : "1.0.2"
      }
    },
    {
      "identity" : "sentry-cocoa",
      "kind" : "remoteSourceControl",
      "location" : "https://github.com/getsentry/sentry-cocoa",
      "state" : {
        "revision" : "2c420d31d0c31b525fa9e7c552ef0fc9d924befc",
        "version" : "9.17.1"
      }
    },
    {
      "identity" : "smbclient",
      "kind" : "remoteSourceControl",
      "location" : "https://github.com/kishikawakatsumi/SMBClient",
      "state" : {
        "revision" : "e636c2b2458930770932a36d311ec9d478575b90",
        "version" : "0.3.1"
      }
    }
  ],
  "version" : 3
}
