{
  "originHash" : "81c05ff5b286ae2a06fe415b7b167a19f667a47f4d854912c4caa76ec5f49be9",
  "pins" : [
    {
      "identity" : "aetherengine",
      "kind" : "remoteSourceControl",
      "location" : "https://github.com/superuser404notfound/AetherEngine",
      "state" : {
        "revision" : "4f46e68918264ff83e5f19956ee78d280d7fc969",
        "version" : "7.32.3"
      }
    },
    {
      "identity" : "ffmpegbuild",
      "kind" : "remoteSourceControl",
      "location" : "https://github.com/superuser404notfound/FFmpegBuild",
      "state" : {
        "revision" : "fda08325455bc12c112b5b82d014b98fa0fee0be",
        "version" : "3.6.0"
      }
    },
    {
      "identity" : "libassbuild",
      "kind" : "remoteSourceControl",
      "location" : "https://github.com/l984-451/LibassBuild",
      "state" : {
        "revision" : "434a18a439ece78631d671cce0ee7bab1622f725",
        "version" : "0.17.5-2"
      }
    },
    {
      "identity" : "libdovi",
      "kind" : "remoteSourceControl",
      "location" : "https://github.com/superuser404notfound/LibDovi",
      "state" : {
        "revision" : "0d7cce1d6836a30d13a3a2326e50a153af53f014",
        "version" : "2.1.0"
      }
    },
    {
      "identity" : "sentry-cocoa",
      "kind" : "remoteSourceControl",
      "location" : "https://github.com/getsentry/sentry-cocoa",
      "state" : {
        "revision" : "2c420d31d0c31b525fa9e7c552ef0fc9d924befc",
        "version" : "9.17.1"
      }
    },
    {
      "identity" : "smbclient",
      "kind" : "remoteSourceControl",
      "location" : "https://github.com/kishikawakatsumi/SMBClient",
      "state" : {
        "revision" : "e636c2b2458930770932a36d311ec9d478575b90",
        "version" : "0.3.1"
      }
    }
  ],
  "version" : 3
}
